# THIS IS AN AUTOGENERATED FILE. DO NOT EDIT THIS FILE DIRECTLY.
# yarn lockfile v1


"@atlaspack/build-cache@2.13.3":
  version "2.13.3"
  resolved "https://packages.atlassian.com/api/npm/npm-remote/@atlaspack/build-cache/-/build-cache-2.13.3.tgz#f8953b755db3e670f87f1e685c393a3f7f1161b4"
  integrity sha512-LWY7eaKuZidnlTdAQd/zKQTmTFjowAB07a1t7Ohm3QVc1bxb6jGHj1iQzXqeG8rE6xC7c9wjuGK7lGvVYAMr2w==

"@atlaspack/cache@3.1.0":
  version "3.1.0"
  resolved "https://packages.atlassian.com/api/npm/npm-remote/@atlaspack/cache/-/cache-3.1.0.tgz#ebdcc536fe47483b40fa6ddbd6ce807127ee93f0"
  integrity sha512-tkqO6+7/DTMQChMtRv9cQE92B89lBDuyotXZzLig9r4ZY0+zGk58kLXU5zxRlF7mUxmCW5S8CkQs4Y4jZBLgnA==
  dependencies:
    "@atlaspack/build-cache" "2.13.3"
    "@atlaspack/feature-flags" "2.14.2"
    "@atlaspack/fs" "2.14.4"
    "@atlaspack/logger" "2.14.4"
    "@atlaspack/rust" "3.2.0"
    "@atlaspack/utils" "2.14.4"

"@atlaspack/codeframe@2.13.3":
  version "2.13.3"
  resolved "https://packages.atlassian.com/api/npm/npm-remote/@atlaspack/codeframe/-/codeframe-2.13.3.tgz#55235e58e9cda4950ff17a9bfd321b67b45d13c8"
  integrity sha512-fM8mYOTZSa0zjPrK9zo4suUHx1E+cuRXgHaT01LmruaeTs5Oe7a7WVyBzdLVpY6O0DYaNyVEs9HzVsdamSvHRw==
  dependencies:
    chalk "^4.1.0"

"@atlaspack/core@2.16.1":
  version "2.16.1"
  resolved "https://packages.atlassian.com/api/npm/npm-remote/@atlaspack/core/-/core-2.16.1.tgz#27b759e33833a5afad4b9237e310636069027213"
  integrity sha512-KU/ZI/2goaq9iTeoNsZEMOTvnst4oK92ZElzvigOJsSJBJZZ7C09PEeOJ/vehR621fEvE3gLzZJEF6R8l6R93g==
  dependencies:
    "@atlaspack/build-cache" "2.13.3"
    "@atlaspack/cache" "3.1.0"
    "@atlaspack/diagnostic" "2.14.1"
    "@atlaspack/events" "2.14.1"
    "@atlaspack/feature-flags" "2.14.2"
    "@atlaspack/fs" "2.14.4"
    "@atlaspack/graph" "3.4.2"
    "@atlaspack/logger" "2.14.4"
    "@atlaspack/package-manager" "2.14.4"
    "@atlaspack/plugin" "2.14.4"
    "@atlaspack/profiler" "2.14.2"
    "@atlaspack/rust" "3.2.0"
    "@atlaspack/types" "2.14.4"
    "@atlaspack/utils" "2.14.4"
    "@atlaspack/workers" "2.14.4"
    "@mischnic/json-sourcemap" "^0.1.0"
    "@parcel/source-map" "^2.1.1"
    base-x "^3.0.8"
    browserslist "^4.6.6"
    clone "^2.1.1"
    dotenv "^7.0.0"
    dotenv-expand "^5.1.0"
    json5 "^2.2.0"
    msgpackr "^1.9.9"
    nullthrows "^1.1.1"
    semver "^7.5.2"

"@atlaspack/diagnostic@2.14.1":
  version "2.14.1"
  resolved "https://packages.atlassian.com/api/npm/npm-remote/@atlaspack/diagnostic/-/diagnostic-2.14.1.tgz#4f9acb3a3939ab61a7dd227fbe57de3148717fc6"
  integrity sha512-gwphM7sdGbI2YMYFTpL4SXnkyxept+1JejgNzHL0kNrpzkh7TL12z3KkAn9DBJEsmz48z6zx6vYmeVuuQFRpSw==
  dependencies:
    "@mischnic/json-sourcemap" "^0.1.0"
    nullthrows "^1.1.1"

"@atlaspack/events@2.14.1":
  version "2.14.1"
  resolved "https://packages.atlassian.com/api/npm/npm-remote/@atlaspack/events/-/events-2.14.1.tgz#48d45a9df40f89d3fcc8f3baad55184ebc35baae"
  integrity sha512-EQ6KthTFbxN09vpaWtiC3RovZKyif4UKvhRKegSCmQunpl1XJq0dZbSf97uvtwvBW0ANpWLp9Bs9F+2wvOQLvQ==

"@atlaspack/feature-flags@2.14.2":
  version "2.14.2"
  resolved "https://packages.atlassian.com/api/npm/npm-remote/@atlaspack/feature-flags/-/feature-flags-2.14.2.tgz#ca8eabe751d58436dc07c14c50d7b4f739dd6b1b"
  integrity sha512-I0lKpZp+jjVPOXEZmxG1fEZEOfzHWKmn866mmPZN9H6v80NNfAT+jq1xTNFLipwV2z6RloUzbxHOSZgDi7X+2Q==

"@atlaspack/fs@2.14.4":
  version "2.14.4"
  resolved "https://packages.atlassian.com/api/npm/npm-remote/@atlaspack/fs/-/fs-2.14.4.tgz#6a0086b0b95bffecc668e2bbe8babd0eb7ba6473"
  integrity sha512-BppVOw2Ww946neVo4ijdxVHQgtLoinvnT/wbEjZ8hh2hBShRRipgmsiK/EElClD1iSofYAOpNaRVKj/ASW+bJw==
  dependencies:
    "@atlaspack/build-cache" "2.13.3"
    "@atlaspack/feature-flags" "2.14.2"
    "@atlaspack/logger" "2.14.4"
    "@atlaspack/rust" "3.2.0"
    "@atlaspack/types-internal" "2.14.2"
    "@atlaspack/utils" "2.14.4"
    "@atlaspack/workers" "2.14.4"
    "@parcel/watcher" "^2.0.7"

"@atlaspack/graph@3.4.2":
  version "3.4.2"
  resolved "https://packages.atlassian.com/api/npm/npm-remote/@atlaspack/graph/-/graph-3.4.2.tgz#46b7f0741d59fab3f45aa5828f99e8bda0f9a081"
  integrity sha512-0yjZ3usKxF0HpJ4cz4KAay3p1kentI0hcn/hqO8t6rrlKJqmNvLjHWL6HibtZj+wvVtKui8Zo6k2+nHOjtWGpw==
  dependencies:
    "@atlaspack/feature-flags" "2.14.2"
    nullthrows "^1.1.1"

"@atlaspack/logger@2.14.4":
  version "2.14.4"
  resolved "https://packages.atlassian.com/api/npm/npm-remote/@atlaspack/logger/-/logger-2.14.4.tgz#ec16dcb9bbf63ebdb15df16f6defa18a2351bbc6"
  integrity sha512-DZEQdazUkgrfsAu0zfy92MtKhfhUeMJST3IQt+NwmuyzYAmwNShpRac9Iklq0F67GV82TiPLVWLb94ZqQ4Chjg==
  dependencies:
    "@atlaspack/diagnostic" "2.14.1"
    "@atlaspack/events" "2.14.1"
    "@atlaspack/rust" "3.2.0"

"@atlaspack/markdown-ansi@2.14.1":
  version "2.14.1"
  resolved "https://packages.atlassian.com/api/npm/npm-remote/@atlaspack/markdown-ansi/-/markdown-ansi-2.14.1.tgz#d9b42f8865856393cbaf096eee4e43b45ecf8f67"
  integrity sha512-LiNesU54lmj8WFPojfqNgg728iyYQshvio3DLH/N+0bQWJG2E3Ugf2mB+kdv88oce+1H4UYCGHvc1xL0Ux1dmA==
  dependencies:
    chalk "^4.1.0"

"@atlaspack/node-resolver-core@3.5.4":
  version "3.5.4"
  resolved "https://packages.atlassian.com/api/npm/npm-remote/@atlaspack/node-resolver-core/-/node-resolver-core-3.5.4.tgz#879e91dd2aa52499e1dbb9add2ccb369679d15db"
  integrity sha512-WBrGXOU7ICxviQaTYKuirg9DucacNLdX2s4e4QYsZT0PjOJeAkoW2kIgKHNlHTeAzqns9G9bUsgH1xc7jKyBjA==
  dependencies:
    "@atlaspack/diagnostic" "2.14.1"
    "@atlaspack/feature-flags" "2.14.2"
    "@atlaspack/fs" "2.14.4"
    "@atlaspack/rust" "3.2.0"
    "@atlaspack/utils" "2.14.4"
    "@mischnic/json-sourcemap" "^0.1.0"
    nullthrows "^1.1.1"
    semver "^7.5.2"

"@atlaspack/package-manager@2.14.4":
  version "2.14.4"
  resolved "https://packages.atlassian.com/api/npm/npm-remote/@atlaspack/package-manager/-/package-manager-2.14.4.tgz#0f4edb55841dafc946f1423f1bd154245bead8cc"
  integrity sha512-YUC9z7+rb5K89jSiTNejF5GsjyQUCcaRZjrlbw0NQwZ70JF4e0eLOf3yoOYpQKqfPiCAIBfYU9hdGCCqzpSr9w==
  dependencies:
    "@atlaspack/build-cache" "2.13.3"
    "@atlaspack/diagnostic" "2.14.1"
    "@atlaspack/fs" "2.14.4"
    "@atlaspack/logger" "2.14.4"
    "@atlaspack/node-resolver-core" "3.5.4"
    "@atlaspack/types" "2.14.4"
    "@atlaspack/utils" "2.14.4"
    "@atlaspack/workers" "2.14.4"
    "@swc/core" "^1.10.0"
    semver "^7.5.2"

"@atlaspack/plugin@2.14.4":
  version "2.14.4"
  resolved "https://packages.atlassian.com/api/npm/npm-remote/@atlaspack/plugin/-/plugin-2.14.4.tgz#104e174b212e42e7ae73810a8fae129df4d3fa51"
  integrity sha512-rug8oMTzocc3DoxE8cy0640mWfkAJfMcr1JQ16n0oi6UPqp8ERvUtS1rkjkTMRJv50dvgb2SDGzKSgvZ9qlZAA==
  dependencies:
    "@atlaspack/types" "2.14.4"

"@atlaspack/profiler@2.14.2":
  version "2.14.2"
  resolved "https://packages.atlassian.com/api/npm/npm-remote/@atlaspack/profiler/-/profiler-2.14.2.tgz#22efaef609f04eb23801de0bac31b630c1005167"
  integrity sha512-R850zfE+j2385ajthlisLZWGJ4qaDZjE99Cqn4NsdLDU0iTLpWd1T0KgnM5PBD2bxW4bWwcDajMvvt+RUuPiJA==
  dependencies:
    "@atlaspack/diagnostic" "2.14.1"
    "@atlaspack/events" "2.14.1"
    "@atlaspack/types-internal" "2.14.2"
    chrome-trace-event "^1.0.2"

"@atlaspack/rust@3.2.0":
  version "3.2.0"
  resolved "https://packages.atlassian.com/api/npm/npm-remote/@atlaspack/rust/-/rust-3.2.0.tgz#a2e6ac660ea77097636f2c1482350cd454bb85d7"
  integrity sha512-vkwiZrLwmRH2bm+eplCG2iBUmBtMmapbwngt9fLyJEqJvstEQ5apA6jPWw468/DCMRB+9th/RBFxkvSpWePDUg==

"@atlaspack/types-internal@2.14.2":
  version "2.14.2"
  resolved "https://packages.atlassian.com/api/npm/npm-remote/@atlaspack/types-internal/-/types-internal-2.14.2.tgz#5254891fcf553a155ef8ecf0ead57463fb1b04ee"
  integrity sha512-oQbUK3MFZzDL/6d+P9NYy2X6EKGffv8YDRvSEb7XeBd73wkVBUu05XkEcUWB6G8SOg4zaAj5KRHha0l9f9C2yw==
  dependencies:
    "@atlaspack/diagnostic" "2.14.1"
    "@atlaspack/feature-flags" "2.14.2"
    "@parcel/source-map" "^2.1.1"
    utility-types "^3.10.0"

"@atlaspack/types@2.14.4":
  version "2.14.4"
  resolved "https://packages.atlassian.com/api/npm/npm-remote/@atlaspack/types/-/types-2.14.4.tgz#69ef3ee4867273b2c28be49f58629b5211084864"
  integrity sha512-Q1Yyv+QyUcu13MwyqLCGzCn29aQRoy4NsF4i+8U91auYsPfBWCXOA/kEQSr7owBNvgy58c70y2SD/nZsTRa4Kw==
  dependencies:
    "@atlaspack/types-internal" "2.14.2"
    "@atlaspack/workers" "2.14.4"

"@atlaspack/utils@2.14.4":
  version "2.14.4"
  resolved "https://packages.atlassian.com/api/npm/npm-remote/@atlaspack/utils/-/utils-2.14.4.tgz#716767cc30dc4414e907a4f4b42b40181a8758ca"
  integrity sha512-wm59xl/YRHhQfQQPlVpwKIyMsLDpsaCEzTB0N78M8sKiCmhURQt+iQoxy3EOCCLFFUmHe1jL8+0aYHG7fHcFJA==
  dependencies:
    "@atlaspack/codeframe" "2.13.3"
    "@atlaspack/diagnostic" "2.14.1"
    "@atlaspack/feature-flags" "2.14.2"
    "@atlaspack/logger" "2.14.4"
    "@atlaspack/markdown-ansi" "2.14.1"
    "@atlaspack/rust" "3.2.0"
    "@parcel/source-map" "^2.1.1"
    chalk "^4.1.0"
    nullthrows "^1.1.1"

"@atlaspack/workers@2.14.4":
  version "2.14.4"
  resolved "https://packages.atlassian.com/api/npm/npm-remote/@atlaspack/workers/-/workers-2.14.4.tgz#33454044c8581d52890607c8a13792b50166bc51"
  integrity sha512-T3EcTSgsl6Sukz/V64nFXbU34j4y2e0XxcFMEOJGWXKG2jauBe96BvB0nhQvqnLXe5Js/Zb/qoiocV9b3LZ9eA==
  dependencies:
    "@atlaspack/build-cache" "2.13.3"
    "@atlaspack/diagnostic" "2.14.1"
    "@atlaspack/logger" "2.14.4"
    "@atlaspack/profiler" "2.14.2"
    "@atlaspack/types-internal" "2.14.2"
    "@atlaspack/utils" "2.14.4"
    nullthrows "^1.1.1"

"@lezer/common@^1.0.0":
  version "1.2.3"
  resolved "https://packages.atlassian.com/api/npm/npm-remote/@lezer/common/-/common-1.2.3.tgz#138fcddab157d83da557554851017c6c1e5667fd"
  integrity sha512-w7ojc8ejBqr2REPsWxJjrMFsA/ysDCFICn8zEOR9mrqzOu2amhITYuLD8ag6XZf0CFXDrhKqw7+tW8cX66NaDA==

"@lezer/lr@^1.0.0":
  version "1.4.2"
  resolved "https://packages.atlassian.com/api/npm/npm-remote/@lezer/lr/-/lr-1.4.2.tgz#931ea3dea8e9de84e90781001dae30dea9ff1727"
  integrity sha512-pu0K1jCIdnQ12aWNaAVU5bzi7Bd1w54J3ECgANPmYLtQKP0HBj2cE/5coBD66MT10xbtIuUr7tg0Shbsvk0mDA==
  dependencies:
    "@lezer/common" "^1.0.0"

"@mischnic/json-sourcemap@^0.1.0":
  version "0.1.1"
  resolved "https://packages.atlassian.com/api/npm/npm-remote/@mischnic/json-sourcemap/-/json-sourcemap-0.1.1.tgz#0ef9b015a8f575dd9a8720d9a6b4dbc988425906"
  integrity sha512-iA7+tyVqfrATAIsIRWQG+a7ZLLD0VaOCKV2Wd/v4mqIU3J9c4jx9p7S0nw1XH3gJCKNBOOwACOPYYSUu9pgT+w==
  dependencies:
    "@lezer/common" "^1.0.0"
    "@lezer/lr" "^1.0.0"
    json5 "^2.2.1"

"@msgpackr-extract/msgpackr-extract-darwin-arm64@3.0.3":
  version "3.0.3"
  resolved "https://packages.atlassian.com/api/npm/npm-remote/@msgpackr-extract/msgpackr-extract-darwin-arm64/-/msgpackr-extract-darwin-arm64-3.0.3.tgz#9edec61b22c3082018a79f6d1c30289ddf3d9d11"
  integrity sha512-QZHtlVgbAdy2zAqNA9Gu1UpIuI8Xvsd1v8ic6B2pZmeFnFcMWiPLfWXh7TVw4eGEZ/C9TH281KwhVoeQUKbyjw==

"@msgpackr-extract/msgpackr-extract-darwin-x64@3.0.3":
  version "3.0.3"
  resolved "https://packages.atlassian.com/api/npm/npm-remote/@msgpackr-extract/msgpackr-extract-darwin-x64/-/msgpackr-extract-darwin-x64-3.0.3.tgz#33677a275204898ad8acbf62734fc4dc0b6a4855"
  integrity sha512-mdzd3AVzYKuUmiWOQ8GNhl64/IoFGol569zNRdkLReh6LRLHOXxU4U8eq0JwaD8iFHdVGqSy4IjFL4reoWCDFw==

"@msgpackr-extract/msgpackr-extract-linux-arm64@3.0.3":
  version "3.0.3"
  resolved "https://packages.atlassian.com/api/npm/npm-remote/@msgpackr-extract/msgpackr-extract-linux-arm64/-/msgpackr-extract-linux-arm64-3.0.3.tgz#19edf7cdc2e7063ee328403c1d895a86dd28f4bb"
  integrity sha512-YxQL+ax0XqBJDZiKimS2XQaf+2wDGVa1enVRGzEvLLVFeqa5kx2bWbtcSXgsxjQB7nRqqIGFIcLteF/sHeVtQg==

"@msgpackr-extract/msgpackr-extract-linux-arm@3.0.3":
  version "3.0.3"
  resolved "https://packages.atlassian.com/api/npm/npm-remote/@msgpackr-extract/msgpackr-extract-linux-arm/-/msgpackr-extract-linux-arm-3.0.3.tgz#94fb0543ba2e28766c3fc439cabbe0440ae70159"
  integrity sha512-fg0uy/dG/nZEXfYilKoRe7yALaNmHoYeIoJuJ7KJ+YyU2bvY8vPv27f7UKhGRpY6euFYqEVhxCFZgAUNQBM3nw==

"@msgpackr-extract/msgpackr-extract-linux-x64@3.0.3":
  version "3.0.3"
  resolved "https://packages.atlassian.com/api/npm/npm-remote/@msgpackr-extract/msgpackr-extract-linux-x64/-/msgpackr-extract-linux-x64-3.0.3.tgz#4a0609ab5fe44d07c9c60a11e4484d3c38bbd6e3"
  integrity sha512-cvwNfbP07pKUfq1uH+S6KJ7dT9K8WOE4ZiAcsrSes+UY55E/0jLYc+vq+DO7jlmqRb5zAggExKm0H7O/CBaesg==

"@msgpackr-extract/msgpackr-extract-win32-x64@3.0.3":
  version "3.0.3"
  resolved "https://packages.atlassian.com/api/npm/npm-remote/@msgpackr-extract/msgpackr-extract-win32-x64/-/msgpackr-extract-win32-x64-3.0.3.tgz#0aa5502d547b57abfc4ac492de68e2006e417242"
  integrity sha512-x0fWaQtYp4E6sktbsdAqnehxDgEc/VwM7uLsRCYWaiGu0ykYdZPiS8zCWdnjHwyiumousxfBm4SO31eXqwEZhQ==

"@parcel/source-map@^2.1.1":
  version "2.1.1"
  resolved "https://packages.atlassian.com/api/npm/npm-remote/@parcel/source-map/-/source-map-2.1.1.tgz#fb193b82dba6dd62cc7a76b326f57bb35000a782"
  integrity sha512-Ejx1P/mj+kMjQb8/y5XxDUn4reGdr+WyKYloBljpppUy8gs42T+BNoEOuRYqDVdgPc6NxduzIDoJS9pOFfV5Ew==
  dependencies:
    detect-libc "^1.0.3"

"@parcel/watcher-android-arm64@2.5.1":
  version "2.5.1"
  resolved "https://packages.atlassian.com/api/npm/npm-remote/@parcel/watcher-android-arm64/-/watcher-android-arm64-2.5.1.tgz#507f836d7e2042f798c7d07ad19c3546f9848ac1"
  integrity sha512-KF8+j9nNbUN8vzOFDpRMsaKBHZ/mcjEjMToVMJOhTozkDonQFFrRcfdLWn6yWKCmJKmdVxSgHiYvTCef4/qcBA==

"@parcel/watcher-darwin-arm64@2.5.1":
  version "2.5.1"
  resolved "https://packages.atlassian.com/api/npm/npm-remote/@parcel/watcher-darwin-arm64/-/watcher-darwin-arm64-2.5.1.tgz#3d26dce38de6590ef79c47ec2c55793c06ad4f67"
  integrity sha512-eAzPv5osDmZyBhou8PoF4i6RQXAfeKL9tjb3QzYuccXFMQU0ruIc/POh30ePnaOyD1UXdlKguHBmsTs53tVoPw==

"@parcel/watcher-darwin-x64@2.5.1":
  version "2.5.1"
  resolved "https://packages.atlassian.com/api/npm/npm-remote/@parcel/watcher-darwin-x64/-/watcher-darwin-x64-2.5.1.tgz#99f3af3869069ccf774e4ddfccf7e64fd2311ef8"
  integrity sha512-1ZXDthrnNmwv10A0/3AJNZ9JGlzrF82i3gNQcWOzd7nJ8aj+ILyW1MTxVk35Db0u91oD5Nlk9MBiujMlwmeXZg==

"@parcel/watcher-freebsd-x64@2.5.1":
  version "2.5.1"
  resolved "https://packages.atlassian.com/api/npm/npm-remote/@parcel/watcher-freebsd-x64/-/watcher-freebsd-x64-2.5.1.tgz#14d6857741a9f51dfe51d5b08b7c8afdbc73ad9b"
  integrity sha512-SI4eljM7Flp9yPuKi8W0ird8TI/JK6CSxju3NojVI6BjHsTyK7zxA9urjVjEKJ5MBYC+bLmMcbAWlZ+rFkLpJQ==

"@parcel/watcher-linux-arm-glibc@2.5.1":
  version "2.5.1"
  resolved "https://packages.atlassian.com/api/npm/npm-remote/@parcel/watcher-linux-arm-glibc/-/watcher-linux-arm-glibc-2.5.1.tgz#43c3246d6892381db473bb4f663229ad20b609a1"
  integrity sha512-RCdZlEyTs8geyBkkcnPWvtXLY44BCeZKmGYRtSgtwwnHR4dxfHRG3gR99XdMEdQ7KeiDdasJwwvNSF5jKtDwdA==

"@parcel/watcher-linux-arm-musl@2.5.1":
  version "2.5.1"
  resolved "https://packages.atlassian.com/api/npm/npm-remote/@parcel/watcher-linux-arm-musl/-/watcher-linux-arm-musl-2.5.1.tgz#663750f7090bb6278d2210de643eb8a3f780d08e"
  integrity sha512-6E+m/Mm1t1yhB8X412stiKFG3XykmgdIOqhjWj+VL8oHkKABfu/gjFj8DvLrYVHSBNC+/u5PeNrujiSQ1zwd1Q==

"@parcel/watcher-linux-arm64-glibc@2.5.1":
  version "2.5.1"
  resolved "https://packages.atlassian.com/api/npm/npm-remote/@parcel/watcher-linux-arm64-glibc/-/watcher-linux-arm64-glibc-2.5.1.tgz#ba60e1f56977f7e47cd7e31ad65d15fdcbd07e30"
  integrity sha512-LrGp+f02yU3BN9A+DGuY3v3bmnFUggAITBGriZHUREfNEzZh/GO06FF5u2kx8x+GBEUYfyTGamol4j3m9ANe8w==

"@parcel/watcher-linux-arm64-musl@2.5.1":
  version "2.5.1"
  resolved "https://packages.atlassian.com/api/npm/npm-remote/@parcel/watcher-linux-arm64-musl/-/watcher-linux-arm64-musl-2.5.1.tgz#f7fbcdff2f04c526f96eac01f97419a6a99855d2"
  integrity sha512-cFOjABi92pMYRXS7AcQv9/M1YuKRw8SZniCDw0ssQb/noPkRzA+HBDkwmyOJYp5wXcsTrhxO0zq1U11cK9jsFg==

"@parcel/watcher-linux-x64-glibc@2.5.1":
  version "2.5.1"
  resolved "https://packages.atlassian.com/api/npm/npm-remote/@parcel/watcher-linux-x64-glibc/-/watcher-linux-x64-glibc-2.5.1.tgz#4d2ea0f633eb1917d83d483392ce6181b6a92e4e"
  integrity sha512-GcESn8NZySmfwlTsIur+49yDqSny2IhPeZfXunQi48DMugKeZ7uy1FX83pO0X22sHntJ4Ub+9k34XQCX+oHt2A==

"@parcel/watcher-linux-x64-musl@2.5.1":
  version "2.5.1"
  resolved "https://packages.atlassian.com/api/npm/npm-remote/@parcel/watcher-linux-x64-musl/-/watcher-linux-x64-musl-2.5.1.tgz#277b346b05db54f55657301dd77bdf99d63606ee"
  integrity sha512-n0E2EQbatQ3bXhcH2D1XIAANAcTZkQICBPVaxMeaCVBtOpBZpWJuf7LwyWPSBDITb7In8mqQgJ7gH8CILCURXg==

"@parcel/watcher-win32-arm64@2.5.1":
  version "2.5.1"
  resolved "https://packages.atlassian.com/api/npm/npm-remote/@parcel/watcher-win32-arm64/-/watcher-win32-arm64-2.5.1.tgz#7e9e02a26784d47503de1d10e8eab6cceb524243"
  integrity sha512-RFzklRvmc3PkjKjry3hLF9wD7ppR4AKcWNzH7kXR7GUe0Igb3Nz8fyPwtZCSquGrhU5HhUNDr/mKBqj7tqA2Vw==

"@parcel/watcher-win32-ia32@2.5.1":
  version "2.5.1"
  resolved "https://packages.atlassian.com/api/npm/npm-remote/@parcel/watcher-win32-ia32/-/watcher-win32-ia32-2.5.1.tgz#2d0f94fa59a873cdc584bf7f6b1dc628ddf976e6"
  integrity sha512-c2KkcVN+NJmuA7CGlaGD1qJh1cLfDnQsHjE89E60vUEMlqduHGCdCLJCID5geFVM0dOtA3ZiIO8BoEQmzQVfpQ==

"@parcel/watcher-win32-x64@2.5.1":
  version "2.5.1"
  resolved "https://packages.atlassian.com/api/npm/npm-remote/@parcel/watcher-win32-x64/-/watcher-win32-x64-2.5.1.tgz#ae52693259664ba6f2228fa61d7ee44b64ea0947"
  integrity sha512-9lHBdJITeNR++EvSQVUcaZoWupyHfXe1jZvGZ06O/5MflPcuPLtEphScIBL+AiCWBO46tDSHzWyD0uDmmZqsgA==

"@parcel/watcher@^2.0.7":
  version "2.5.1"
  resolved "https://packages.atlassian.com/api/npm/npm-remote/@parcel/watcher/-/watcher-2.5.1.tgz#342507a9cfaaf172479a882309def1e991fb1200"
  integrity sha512-dfUnCxiN9H4ap84DvD2ubjw+3vUNpstxa0TneY/Paat8a3R4uQZDLSvWjmznAY/DoahqTHl9V46HF/Zs3F29pg==
  dependencies:
    detect-libc "^1.0.3"
    is-glob "^4.0.3"
    micromatch "^4.0.5"
    node-addon-api "^7.0.0"
  optionalDependencies:
    "@parcel/watcher-android-arm64" "2.5.1"
    "@parcel/watcher-darwin-arm64" "2.5.1"
    "@parcel/watcher-darwin-x64" "2.5.1"
    "@parcel/watcher-freebsd-x64" "2.5.1"
    "@parcel/watcher-linux-arm-glibc" "2.5.1"
    "@parcel/watcher-linux-arm-musl" "2.5.1"
    "@parcel/watcher-linux-arm64-glibc" "2.5.1"
    "@parcel/watcher-linux-arm64-musl" "2.5.1"
    "@parcel/watcher-linux-x64-glibc" "2.5.1"
    "@parcel/watcher-linux-x64-musl" "2.5.1"
    "@parcel/watcher-win32-arm64" "2.5.1"
    "@parcel/watcher-win32-ia32" "2.5.1"
    "@parcel/watcher-win32-x64" "2.5.1"

"@swc/core-darwin-arm64@1.11.29":
  version "1.11.29"
  resolved "https://packages.atlassian.com/api/npm/npm-remote/@swc/core-darwin-arm64/-/core-darwin-arm64-1.11.29.tgz#bf66e3f4f00e6fe9d95e8a33f780e6c40fca946d"
  integrity sha512-whsCX7URzbuS5aET58c75Dloby3Gtj/ITk2vc4WW6pSDQKSPDuONsIcZ7B2ng8oz0K6ttbi4p3H/PNPQLJ4maQ==

"@swc/core-darwin-x64@1.11.29":
  version "1.11.29"
  resolved "https://packages.atlassian.com/api/npm/npm-remote/@swc/core-darwin-x64/-/core-darwin-x64-1.11.29.tgz#0a77d2d79ef2c789f9d40a86784bbf52c5f9877f"
  integrity sha512-S3eTo/KYFk+76cWJRgX30hylN5XkSmjYtCBnM4jPLYn7L6zWYEPajsFLmruQEiTEDUg0gBEWLMNyUeghtswouw==

"@swc/core-linux-arm-gnueabihf@1.11.29":
  version "1.11.29"
  resolved "https://packages.atlassian.com/api/npm/npm-remote/@swc/core-linux-arm-gnueabihf/-/core-linux-arm-gnueabihf-1.11.29.tgz#80fa3a6a36034ffdbbba73e26c8f27cb13111a33"
  integrity sha512-o9gdshbzkUMG6azldHdmKklcfrcMx+a23d/2qHQHPDLUPAN+Trd+sDQUYArK5Fcm7TlpG4sczz95ghN0DMkM7g==

"@swc/core-linux-arm64-gnu@1.11.29":
  version "1.11.29"
  resolved "https://packages.atlassian.com/api/npm/npm-remote/@swc/core-linux-arm64-gnu/-/core-linux-arm64-gnu-1.11.29.tgz#42da87f445bc3e26da01d494246884006d9b9a1a"
  integrity sha512-sLoaciOgUKQF1KX9T6hPGzvhOQaJn+3DHy4LOHeXhQqvBgr+7QcZ+hl4uixPKTzxk6hy6Hb0QOvQEdBAAR1gXw==

"@swc/core-linux-arm64-musl@1.11.29":
  version "1.11.29"
  resolved "https://packages.atlassian.com/api/npm/npm-remote/@swc/core-linux-arm64-musl/-/core-linux-arm64-musl-1.11.29.tgz#c9cec610525dc9e9b11ef26319db3780812dfa54"
  integrity sha512-PwjB10BC0N+Ce7RU/L23eYch6lXFHz7r3NFavIcwDNa/AAqywfxyxh13OeRy+P0cg7NDpWEETWspXeI4Ek8otw==

"@swc/core-linux-x64-gnu@1.11.29":
  version "1.11.29"
  resolved "https://packages.atlassian.com/api/npm/npm-remote/@swc/core-linux-x64-gnu/-/core-linux-x64-gnu-1.11.29.tgz#1cda2df38a4ab8905ba6ac3aa16e4ad710b6f2de"
  integrity sha512-i62vBVoPaVe9A3mc6gJG07n0/e7FVeAvdD9uzZTtGLiuIfVfIBta8EMquzvf+POLycSk79Z6lRhGPZPJPYiQaA==

"@swc/core-linux-x64-musl@1.11.29":
  version "1.11.29"
  resolved "https://packages.atlassian.com/api/npm/npm-remote/@swc/core-linux-x64-musl/-/core-linux-x64-musl-1.11.29.tgz#5d634efff33f47c8d6addd84291ab606903d1cfd"
  integrity sha512-YER0XU1xqFdK0hKkfSVX1YIyCvMDI7K07GIpefPvcfyNGs38AXKhb2byySDjbVxkdl4dycaxxhRyhQ2gKSlsFQ==

"@swc/core-win32-arm64-msvc@1.11.29":
  version "1.11.29"
  resolved "https://packages.atlassian.com/api/npm/npm-remote/@swc/core-win32-arm64-msvc/-/core-win32-arm64-msvc-1.11.29.tgz#bc54f2e3f8f180113b7a092b1ee1eaaab24df62b"
  integrity sha512-po+WHw+k9g6FAg5IJ+sMwtA/fIUL3zPQ4m/uJgONBATCVnDDkyW6dBA49uHNVtSEvjvhuD8DVWdFP847YTcITw==

"@swc/core-win32-ia32-msvc@1.11.29":
  version "1.11.29"
  resolved "https://packages.atlassian.com/api/npm/npm-remote/@swc/core-win32-ia32-msvc/-/core-win32-ia32-msvc-1.11.29.tgz#f1df344c06283643d1fe66c6931b350347b73722"
  integrity sha512-h+NjOrbqdRBYr5ItmStmQt6x3tnhqgwbj9YxdGPepbTDamFv7vFnhZR0YfB3jz3UKJ8H3uGJ65Zw1VsC+xpFkg==

"@swc/core-win32-x64-msvc@1.11.29":
  version "1.11.29"
  resolved "https://packages.atlassian.com/api/npm/npm-remote/@swc/core-win32-x64-msvc/-/core-win32-x64-msvc-1.11.29.tgz#a6f9dc1df66c8db96d70091abedd78cc52544724"
  integrity sha512-Q8cs2BDV9wqDvqobkXOYdC+pLUSEpX/KvI0Dgfun1F+LzuLotRFuDhrvkU9ETJA6OnD2+Fn/ieHgloiKA/Mn/g==

"@swc/core@^1.10.0":
  version "1.11.29"
  resolved "https://packages.atlassian.com/api/npm/npm-remote/@swc/core/-/core-1.11.29.tgz#bce20113c47fcd6251d06262b8b8c063f8e86a20"
  integrity sha512-g4mThMIpWbNhV8G2rWp5a5/Igv8/2UFRJx2yImrLGMgrDDYZIopqZ/z0jZxDgqNA1QDx93rpwNF7jGsxVWcMlA==
  dependencies:
    "@swc/counter" "^0.1.3"
    "@swc/types" "^0.1.21"
  optionalDependencies:
    "@swc/core-darwin-arm64" "1.11.29"
    "@swc/core-darwin-x64" "1.11.29"
    "@swc/core-linux-arm-gnueabihf" "1.11.29"
    "@swc/core-linux-arm64-gnu" "1.11.29"
    "@swc/core-linux-arm64-musl" "1.11.29"
    "@swc/core-linux-x64-gnu" "1.11.29"
    "@swc/core-linux-x64-musl" "1.11.29"
    "@swc/core-win32-arm64-msvc" "1.11.29"
    "@swc/core-win32-ia32-msvc" "1.11.29"
    "@swc/core-win32-x64-msvc" "1.11.29"

"@swc/counter@^0.1.3":
  version "0.1.3"
  resolved "https://packages.atlassian.com/api/npm/npm-remote/@swc/counter/-/counter-0.1.3.tgz#cc7463bd02949611c6329596fccd2b0ec782b0e9"
  integrity sha512-e2BR4lsJkkRlKZ/qCHPw9ZaSxc0MVUd7gtbtaB7aMvHeJVYe8sOB8DBZkP2DtISHGSku9sCK6T6cnY0CtXrOCQ==

"@swc/types@^0.1.21":
  version "0.1.21"
  resolved "https://packages.atlassian.com/api/npm/npm-remote/@swc/types/-/types-0.1.21.tgz#6fcadbeca1d8bc89e1ab3de4948cef12344a38c0"
  integrity sha512-2YEtj5HJVbKivud9N4bpPBAyZhj4S2Ipe5LkUG94alTpr7in/GU/EARgPAd3BwU+YOmFVJC2+kjqhGRi3r0ZpQ==
  dependencies:
    "@swc/counter" "^0.1.3"

"@tanstack/query-core@5.76.2":
  version "5.76.2"
  resolved "https://packages.atlassian.com/api/npm/npm-remote/@tanstack/query-core/-/query-core-5.76.2.tgz#67439edc48ff5a654c8e25979be4660e6402130b"
  integrity sha512-PFGwWh5ss9cJQ67l6bZ7hqXbisX2gy13G2jP+VGY1bgdbCfOMWh6UBVnN62QbFXro6CCoX9hYzTnZHr6Rz00YQ==

"@tanstack/react-query@5.76.2":
  version "5.76.2"
  resolved "https://packages.atlassian.com/api/npm/npm-remote/@tanstack/react-query/-/react-query-5.76.2.tgz#3fd2247648f5332f1c203554b639b83c0c00039d"
  integrity sha512-rGkWberCrFdIxMdvSAJM/UOKeu0O/JVTbMmfhQoJpiU9Uq0EDx2EMCadnNuJWbXR4smDA2t7DY3NKkYFmDVS5A==
  dependencies:
    "@tanstack/query-core" "5.76.2"

ansi-styles@^4.1.0:
  version "4.3.0"
  resolved "https://packages.atlassian.com/api/npm/npm-remote/ansi-styles/-/ansi-styles-4.3.0.tgz#edd803628ae71c04c85ae7a0906edad34b648937"
  integrity sha512-zbB9rCJAT1rbjiVDb2hqKFHNYLxgtk8NURxZ3IZwD3F6NtxbXZQCnnSi1Lkx+IDohdPlFp222wVALIheZJQSEg==
  dependencies:
    color-convert "^2.0.1"

asynckit@^0.4.0:
  version "0.4.0"
  resolved "https://packages.atlassian.com/api/npm/npm-remote/asynckit/-/asynckit-0.4.0.tgz#c79ed97f7f34cb8f2ba1bc9790bcc366474b4b79"
  integrity sha512-Oei9OH4tRh0YqU3GxhX79dM/mwVgvbZJaSNaRk+bshkj0S5cfHcgYakreBjrHwatXKbz+IoIdYLxrKim2MjW0Q==

axios@^1.9.0:
  version "1.9.0"
  resolved "https://packages.atlassian.com/api/npm/npm-remote/axios/-/axios-1.9.0.tgz#25534e3b72b54540077d33046f77e3b8d7081901"
  integrity sha512-re4CqKTJaURpzbLHtIi6XpDv20/CnpXOtjRY5/CU32L8gU8ek9UIivcfvSWvmKEngmVbrUtPpdDwWDWL7DNHvg==
  dependencies:
    follow-redirects "^1.15.6"
    form-data "^4.0.0"
    proxy-from-env "^1.1.0"

base-x@^3.0.8:
  version "3.0.11"
  resolved "https://packages.atlassian.com/api/npm/npm-remote/base-x/-/base-x-3.0.11.tgz#40d80e2a1aeacba29792ccc6c5354806421287ff"
  integrity sha512-xz7wQ8xDhdyP7tQxwdteLYeFfS68tSMNCZ/Y37WJ4bhGfKPpqEIlmIyueQHqOyoPhE6xNUqjzRr8ra0eF9VRvA==
  dependencies:
    safe-buffer "^5.0.1"

braces@^3.0.3:
  version "3.0.3"
  resolved "https://packages.atlassian.com/api/npm/npm-remote/braces/-/braces-3.0.3.tgz#490332f40919452272d55a8480adc0c441358789"
  integrity sha512-yQbXgO/OSZVD2IsiLlro+7Hf6Q18EJrKSEsdoMzKePKXct3gvD8oLcOQdIzGupr5Fj+EDe8gO/lxc1BzfMpxvA==
  dependencies:
    fill-range "^7.1.1"

browserslist@^4.6.6:
  version "4.24.5"
  resolved "https://packages.atlassian.com/api/npm/npm-remote/browserslist/-/browserslist-4.24.5.tgz#aa0f5b8560fe81fde84c6dcb38f759bafba0e11b"
  integrity sha512-FDToo4Wo82hIdgc1CQ+NQD0hEhmpPjrZ3hiUgwgOG6IuTdlpr8jdjyG24P6cNP1yJpTLzS5OcGgSw0xmDU1/Tw==
  dependencies:
    caniuse-lite "^1.0.30001716"
    electron-to-chromium "^1.5.149"
    node-releases "^2.0.19"
    update-browserslist-db "^1.1.3"

call-bind-apply-helpers@^1.0.1, call-bind-apply-helpers@^1.0.2:
  version "1.0.2"
  resolved "https://packages.atlassian.com/api/npm/npm-remote/call-bind-apply-helpers/-/call-bind-apply-helpers-1.0.2.tgz#4b5428c222be985d79c3d82657479dbe0b59b2d6"
  integrity sha512-Sp1ablJ0ivDkSzjcaJdxEunN5/XvksFJ2sMBFfq6x0ryhQV/2b/KwFe21cMpmHtPOSij8K99/wSfoEuTObmuMQ==
  dependencies:
    es-errors "^1.3.0"
    function-bind "^1.1.2"

caniuse-lite@^1.0.30001716:
  version "1.0.30001718"
  resolved "https://packages.atlassian.com/api/npm/npm-remote/caniuse-lite/-/caniuse-lite-1.0.30001718.tgz#dae13a9c80d517c30c6197515a96131c194d8f82"
  integrity sha512-AflseV1ahcSunK53NfEs9gFWgOEmzr0f+kaMFA4xiLZlr9Hzt7HxcSpIFcnNCUkz6R6dWKa54rUz3HUmI3nVcw==

chalk@^4.1.0:
  version "4.1.2"
  resolved "https://packages.atlassian.com/api/npm/npm-remote/chalk/-/chalk-4.1.2.tgz#aac4e2b7734a740867aeb16bf02aad556a1e7a01"
  integrity sha512-oKnbhFyRIXpUuez8iBMmyEa4nbj4IOQyuhc/wy9kY7/WVPcwIO9VA668Pu8RkO7+0G76SLROeyw9CpQ061i4mA==
  dependencies:
    ansi-styles "^4.1.0"
    supports-color "^7.1.0"

chrome-trace-event@^1.0.2:
  version "1.0.4"
  resolved "https://packages.atlassian.com/api/npm/npm-remote/chrome-trace-event/-/chrome-trace-event-1.0.4.tgz#05bffd7ff928465093314708c93bdfa9bd1f0f5b"
  integrity sha512-rNjApaLzuwaOTjCiT8lSDdGN1APCiqkChLMJxJPWLunPAt5fy8xgU9/jNOchV84wfIxrA0lRQB7oCT8jrn/wrQ==

clone@^2.1.1:
  version "2.1.2"
  resolved "https://packages.atlassian.com/api/npm/npm-remote/clone/-/clone-2.1.2.tgz#1b7f4b9f591f1e8f83670401600345a02887435f"
  integrity sha512-3Pe/CF1Nn94hyhIYpjtiLhdCoEoz0DqQ+988E9gmeEdQZlojxnOb74wctFyuwWQHzqyf9X7C7MG8juUpqBJT8w==

color-convert@^2.0.1:
  version "2.0.1"
  resolved "https://packages.atlassian.com/api/npm/npm-remote/color-convert/-/color-convert-2.0.1.tgz#72d3a68d598c9bdb3af2ad1e84f21d896abd4de3"
  integrity sha512-RRECPsj7iu/xb5oKYcsFHSppFNnsj/52OVTRKb4zP5onXwVF3zVmmToNcOfGC+CRDpfK/U584fMg38ZHCaElKQ==
  dependencies:
    color-name "~1.1.4"

color-name@~1.1.4:
  version "1.1.4"
  resolved "https://packages.atlassian.com/api/npm/npm-remote/color-name/-/color-name-1.1.4.tgz#c2a09a87acbde69543de6f63fa3995c826c536a2"
  integrity sha512-dOy+3AuW3a2wNbZHIuMZpTcgjGuLU/uBL/ubcZF9OXbDo8ff4O8yVp5Bf0efS8uEoYo5q4Fx7dY9OgQGXgAsQA==

combined-stream@^1.0.8:
  version "1.0.8"
  resolved "https://packages.atlassian.com/api/npm/npm-remote/combined-stream/-/combined-stream-1.0.8.tgz#c3d45a8b34fd730631a110a8a2520682b31d5a7f"
  integrity sha512-FQN4MRfuJeHf7cBbBMJFXhKSDq+2kAArBlmRBvcvFE5BB1HZKXtSFASDhdlz9zOYwxh8lDdnvmMOe/+5cdoEdg==
  dependencies:
    delayed-stream "~1.0.0"

cookie@^1.0.1:
  version "1.0.2"
  resolved "https://packages.atlassian.com/api/npm/npm-remote/cookie/-/cookie-1.0.2.tgz#27360701532116bd3f1f9416929d176afe1e4610"
  integrity sha512-9Kr/j4O16ISv8zBBhJoi4bXOYNTkFLOqSL3UDB0njXxCXNezjeyVrJyGOWtgfs/q2km1gwBcfH8q1yEGoMYunA==

delayed-stream@~1.0.0:
  version "1.0.0"
  resolved "https://packages.atlassian.com/api/npm/npm-remote/delayed-stream/-/delayed-stream-1.0.0.tgz#df3ae199acadfb7d440aaae0b29e2272b24ec619"
  integrity sha512-ZySD7Nf91aLB0RxL4KGrKHBXl7Eds1DAmEdcoVawXnLD7SDhpNgtuII2aAkg7a7QS41jxPSZ17p4VdGnMHk3MQ==

detect-libc@^1.0.3:
  version "1.0.3"
  resolved "https://packages.atlassian.com/api/npm/npm-remote/detect-libc/-/detect-libc-1.0.3.tgz#fa137c4bd698edf55cd5cd02ac559f91a4c4ba9b"
  integrity sha512-pGjwhsmsp4kL2RTz08wcOlGN83otlqHeD/Z5T8GXZB+/YcpQ/dgo+lbU8ZsGxV0HIvqqxo9l7mqYwyYMD9bKDg==

detect-libc@^2.0.1:
  version "2.0.4"
  resolved "https://packages.atlassian.com/api/npm/npm-remote/detect-libc/-/detect-libc-2.0.4.tgz#f04715b8ba815e53b4d8109655b6508a6865a7e8"
  integrity sha512-3UDv+G9CsCKO1WKMGw9fwq/SWJYbI0c5Y7LU1AXYoDdbhE2AHQ6N6Nb34sG8Fj7T5APy8qXDCKuuIHd1BR0tVA==

dotenv-expand@^5.1.0:
  version "5.1.0"
  resolved "https://packages.atlassian.com/api/npm/npm-remote/dotenv-expand/-/dotenv-expand-5.1.0.tgz#3fbaf020bfd794884072ea26b1e9791d45a629f0"
  integrity sha512-YXQl1DSa4/PQyRfgrv6aoNjhasp/p4qs9FjJ4q4cQk+8m4r6k4ZSiEyytKG8f8W9gi8WsQtIObNmKd+tMzNTmA==

dotenv@^7.0.0:
  version "7.0.0"
  resolved "https://packages.atlassian.com/api/npm/npm-remote/dotenv/-/dotenv-7.0.0.tgz#a2be3cd52736673206e8a85fb5210eea29628e7c"
  integrity sha512-M3NhsLbV1i6HuGzBUH8vXrtxOk+tWmzWKDMbAVSUp3Zsjm7ywFeuwrUXhmhQyRK1q5B5GGy7hcXPbj3bnfZg2g==

dunder-proto@^1.0.1:
  version "1.0.1"
  resolved "https://packages.atlassian.com/api/npm/npm-remote/dunder-proto/-/dunder-proto-1.0.1.tgz#d7ae667e1dc83482f8b70fd0f6eefc50da30f58a"
  integrity sha512-KIN/nDJBQRcXw0MLVhZE9iQHmG68qAVIBg9CqmUYjmQIhgij9U5MFvrqkUL5FbtyyzZuOeOt0zdeRe4UY7ct+A==
  dependencies:
    call-bind-apply-helpers "^1.0.1"
    es-errors "^1.3.0"
    gopd "^1.2.0"

electron-to-chromium@^1.5.149:
  version "1.5.155"
  resolved "https://packages.atlassian.com/api/npm/npm-remote/electron-to-chromium/-/electron-to-chromium-1.5.155.tgz#809dd0ae9ae1db87c358e0c0c17c09a2ffc432d1"
  integrity sha512-ps5KcGGmwL8VaeJlvlDlu4fORQpv3+GIcF5I3f9tUKUlJ/wsysh6HU8P5L1XWRYeXfA0oJd4PyM8ds8zTFf6Ng==

es-define-property@^1.0.1:
  version "1.0.1"
  resolved "https://packages.atlassian.com/api/npm/npm-remote/es-define-property/-/es-define-property-1.0.1.tgz#983eb2f9a6724e9303f61addf011c72e09e0b0fa"
  integrity sha512-e3nRfgfUZ4rNGL232gUgX06QNyyez04KdjFrF+LTRoOXmrOgFKDg4BCdsjW8EnT69eqdYGmRpJwiPVYNrCaW3g==

es-errors@^1.3.0:
  version "1.3.0"
  resolved "https://packages.atlassian.com/api/npm/npm-remote/es-errors/-/es-errors-1.3.0.tgz#05f75a25dab98e4fb1dcd5e1472c0546d5057c8f"
  integrity sha512-Zf5H2Kxt2xjTvbJvP2ZWLEICxA6j+hAmMzIlypy4xcBg1vKVnx89Wy0GbS+kf5cwCVFFzdCFh2XSCFNULS6csw==

es-object-atoms@^1.0.0, es-object-atoms@^1.1.1:
  version "1.1.1"
  resolved "https://packages.atlassian.com/api/npm/npm-remote/es-object-atoms/-/es-object-atoms-1.1.1.tgz#1c4f2c4837327597ce69d2ca190a7fdd172338c1"
  integrity sha512-FGgH2h8zKNim9ljj7dankFPcICIK9Cp5bm+c2gQSYePhpaG5+esrLODihIorn+Pe6FGJzWhXQotPv73jTaldXA==
  dependencies:
    es-errors "^1.3.0"

es-set-tostringtag@^2.1.0:
  version "2.1.0"
  resolved "https://packages.atlassian.com/api/npm/npm-remote/es-set-tostringtag/-/es-set-tostringtag-2.1.0.tgz#f31dbbe0c183b00a6d26eb6325c810c0fd18bd4d"
  integrity sha512-j6vWzfrGVfyXxge+O0x5sh6cvxAog0a/4Rdd2K36zCMV5eJ+/+tOAngRO8cODMNWbVRdVlmGZQL2YS3yR8bIUA==
  dependencies:
    es-errors "^1.3.0"
    get-intrinsic "^1.2.6"
    has-tostringtag "^1.0.2"
    hasown "^2.0.2"

escalade@^3.2.0:
  version "3.2.0"
  resolved "https://packages.atlassian.com/api/npm/npm-remote/escalade/-/escalade-3.2.0.tgz#011a3f69856ba189dffa7dc8fcce99d2a87903e5"
  integrity sha512-WUj2qlxaQtO4g6Pq5c29GTcWGDyd8itL8zTlipgECz3JesAiiOKotd8JU6otB3PACgG6xkJUyVhboMS+bje/jA==

events@^3.3.0:
  version "3.3.0"
  resolved "https://packages.atlassian.com/api/npm/npm-remote/events/-/events-3.3.0.tgz#31a95ad0a924e2d2c419a813aeb2c4e878ea7400"
  integrity sha512-mQw+2fkQbALzQ7V0MY0IqdnXNOeTtP4r0lN9z7AAawCXgqea7bDii20AYrIBrFd/Hx0M2Ocz6S111CaFkUcb0Q==

fill-range@^7.1.1:
  version "7.1.1"
  resolved "https://packages.atlassian.com/api/npm/npm-remote/fill-range/-/fill-range-7.1.1.tgz#44265d3cac07e3ea7dc247516380643754a05292"
  integrity sha512-YsGpe3WHLK8ZYi4tWDg2Jy3ebRz2rXowDxnld4bkQB00cc/1Zw9AWnC0i9ztDJitivtQvaI9KaLyKrc+hBW0yg==
  dependencies:
    to-regex-range "^5.0.1"

follow-redirects@^1.15.6:
  version "1.15.9"
  resolved "https://packages.atlassian.com/api/npm/npm-remote/follow-redirects/-/follow-redirects-1.15.9.tgz#a604fa10e443bf98ca94228d9eebcc2e8a2c8ee1"
  integrity sha512-gew4GsXizNgdoRyqmyfMHyAmXsZDk6mHkSxZFCzW9gwlbtOW44CDtYavM+y+72qD/Vq2l550kMF52DT8fOLJqQ==

form-data@^4.0.0:
  version "4.0.2"
  resolved "https://packages.atlassian.com/api/npm/npm-remote/form-data/-/form-data-4.0.2.tgz#35cabbdd30c3ce73deb2c42d3c8d3ed9ca51794c"
  integrity sha512-hGfm/slu0ZabnNt4oaRZ6uREyfCj6P4fT/n6A1rGV+Z0VdGXjfOhVUpkn6qVQONHGIFwmveGXyDs75+nr6FM8w==
  dependencies:
    asynckit "^0.4.0"
    combined-stream "^1.0.8"
    es-set-tostringtag "^2.1.0"
    mime-types "^2.1.12"

function-bind@^1.1.2:
  version "1.1.2"
  resolved "https://packages.atlassian.com/api/npm/npm-remote/function-bind/-/function-bind-1.1.2.tgz#2c02d864d97f3ea6c8830c464cbd11ab6eab7a1c"
  integrity sha512-7XHNxH7qX9xG5mIwxkhumTox/MIRNcOgDrxWsMt2pAr23WHp6MrRlN7FBSFpCpr+oVO0F744iUgR82nJMfG2SA==

get-intrinsic@^1.2.6:
  version "1.3.0"
  resolved "https://packages.atlassian.com/api/npm/npm-remote/get-intrinsic/-/get-intrinsic-1.3.0.tgz#743f0e3b6964a93a5491ed1bffaae054d7f98d01"
  integrity sha512-9fSjSaos/fRIVIp+xSJlE6lfwhES7LNtKaCBIamHsjr2na1BiABJPo0mOjjz8GJDURarmCPGqaiVg5mfjb98CQ==
  dependencies:
    call-bind-apply-helpers "^1.0.2"
    es-define-property "^1.0.1"
    es-errors "^1.3.0"
    es-object-atoms "^1.1.1"
    function-bind "^1.1.2"
    get-proto "^1.0.1"
    gopd "^1.2.0"
    has-symbols "^1.1.0"
    hasown "^2.0.2"
    math-intrinsics "^1.1.0"

get-proto@^1.0.1:
  version "1.0.1"
  resolved "https://packages.atlassian.com/api/npm/npm-remote/get-proto/-/get-proto-1.0.1.tgz#150b3f2743869ef3e851ec0c49d15b1d14d00ee1"
  integrity sha512-sTSfBjoXBp89JvIKIefqw7U2CCebsc74kiY6awiGogKtoSGbgjYE/G/+l9sF3MWFPNc9IcoOC4ODfKHfxFmp0g==
  dependencies:
    dunder-proto "^1.0.1"
    es-object-atoms "^1.0.0"

gopd@^1.2.0:
  version "1.2.0"
  resolved "https://packages.atlassian.com/api/npm/npm-remote/gopd/-/gopd-1.2.0.tgz#89f56b8217bdbc8802bd299df6d7f1081d7e51a1"
  integrity sha512-ZUKRh6/kUFoAiTAtTYPZJ3hw9wNxx+BIBOijnlG9PnrJsCcSjs1wyyD6vJpaYtgnzDrKYRSqf3OO6Rfa93xsRg==

graphology-utils@^2.5.2:
  version "2.5.2"
  resolved "https://packages.atlassian.com/api/npm/npm-remote/graphology-utils/-/graphology-utils-2.5.2.tgz#4d30d6e567d27c01f105e1494af816742e8d2440"
  integrity sha512-ckHg8MXrXJkOARk56ZaSCM1g1Wihe2d6iTmz1enGOz4W/l831MBCKSayeFQfowgF8wd+PQ4rlch/56Vs/VZLDQ==

graphology@^0.26.0:
  version "0.26.0"
  resolved "https://packages.atlassian.com/api/npm/npm-remote/graphology/-/graphology-0.26.0.tgz#7f866a831feaa364af750f141a7bf40489533336"
  integrity sha512-8SSImzgUUYC89Z042s+0r/vMibY7GX/Emz4LDO5e7jYXhuoWfHISPFJYjpRLUSJGq6UQ6xlenvX1p/hJdfXuXg==
  dependencies:
    events "^3.3.0"

has-flag@^4.0.0:
  version "4.0.0"
  resolved "https://packages.atlassian.com/api/npm/npm-remote/has-flag/-/has-flag-4.0.0.tgz#944771fd9c81c81265c4d6941860da06bb59479b"
  integrity sha512-EykJT/Q1KjTWctppgIAgfSO0tKVuZUjhgMr17kqTumMl6Afv3EISleU7qZUzoXDFTAHTDC4NOoG/ZxU3EvlMPQ==

has-symbols@^1.0.3, has-symbols@^1.1.0:
  version "1.1.0"
  resolved "https://packages.atlassian.com/api/npm/npm-remote/has-symbols/-/has-symbols-1.1.0.tgz#fc9c6a783a084951d0b971fe1018de813707a338"
  integrity sha512-1cDNdwJ2Jaohmb3sg4OmKaMBwuC48sYni5HUw2DvsC8LjGTLK9h+eb1X6RyuOHe4hT0ULCW68iomhjUoKUqlPQ==

has-tostringtag@^1.0.2:
  version "1.0.2"
  resolved "https://packages.atlassian.com/api/npm/npm-remote/has-tostringtag/-/has-tostringtag-1.0.2.tgz#2cdc42d40bef2e5b4eeab7c01a73c54ce7ab5abc"
  integrity sha512-NqADB8VjPFLM2V0VvHUewwwsw0ZWBaIdgo+ieHtK3hasLz4qeCRjYcqfB6AQrBggRKppKF8L52/VqdVsO47Dlw==
  dependencies:
    has-symbols "^1.0.3"

hasown@^2.0.2:
  version "2.0.2"
  resolved "https://packages.atlassian.com/api/npm/npm-remote/hasown/-/hasown-2.0.2.tgz#003eaf91be7adc372e84ec59dc37252cedb80003"
  integrity sha512-0hJU9SCPvmMzIBdZFqNPXWa6dqh7WdH0cII9y+CyS8rG3nL48Bclra9HmKhVVUHyPWNH5Y7xDwAB7bfgSjkUMQ==
  dependencies:
    function-bind "^1.1.2"

is-extglob@^2.1.1:
  version "2.1.1"
  resolved "https://packages.atlassian.com/api/npm/npm-remote/is-extglob/-/is-extglob-2.1.1.tgz#a88c02535791f02ed37c76a1b9ea9773c833f8c2"
  integrity sha512-SbKbANkN603Vi4jEZv49LeVJMn4yGwsbzZworEoyEiutsN3nJYdbO36zfhGJ6QEDpOZIFkDtnq5JRxmvl3jsoQ==

is-glob@^4.0.3:
  version "4.0.3"
  resolved "https://packages.atlassian.com/api/npm/npm-remote/is-glob/-/is-glob-4.0.3.tgz#64f61e42cbbb2eec2071a9dac0b28ba1e65d5084"
  integrity sha512-xelSayHH36ZgE7ZWhli7pW34hNbNl8Ojv5KVmkJD4hBdD3th8Tfk9vYasLM+mXWOZhFkgZfxhLSnrwRr4elSSg==
  dependencies:
    is-extglob "^2.1.1"

is-number@^7.0.0:
  version "7.0.0"
  resolved "https://packages.atlassian.com/api/npm/npm-remote/is-number/-/is-number-7.0.0.tgz#7535345b896734d5f80c4d06c50955527a14f12b"
  integrity sha512-41Cifkg6e8TylSpdtTpeLVMqvSBEVzTttHvERD741+pnZ8ANv0004MRL43QKPDlK9cGvNp6NZWZUBlbGXYxxng==

"js-tokens@^3.0.0 || ^4.0.0":
  version "4.0.0"
  resolved "https://packages.atlassian.com/api/npm/npm-remote/js-tokens/-/js-tokens-4.0.0.tgz#19203fb59991df98e3a287050d4647cdeaf32499"
  integrity sha512-RdJUflcE3cUzKiMqQgsCu06FPu9UdIJO0beYbPhHN4k6apgJtifcoCtT9bcxOpYBtpD2kCM6Sbzg4CausW/PKQ==

json5@^2.2.0, json5@^2.2.1:
  version "2.2.3"
  resolved "https://packages.atlassian.com/api/npm/npm-remote/json5/-/json5-2.2.3.tgz#78cd6f1a19bdc12b73db5ad0c61efd66c1e29283"
  integrity sha512-XmOWe7eyHYH14cLdVPoyg+GOH3rYX++KpzrylJwSW98t3Nk+U8XOl8FWKOgwtzdb8lXGf6zYwDUzeHMWfxasyg==

loose-envify@^1.1.0:
  version "1.4.0"
  resolved "https://packages.atlassian.com/api/npm/npm-remote/loose-envify/-/loose-envify-1.4.0.tgz#71ee51fa7be4caec1a63839f7e682d8132d30caf"
  integrity sha512-lyuxPGr/Wfhrlem2CL/UcnUc1zcqKAImBDzukY7Y5F/yQiNdko6+fRLevlw1HgMySw7f611UIY408EtxRSoK3Q==
  dependencies:
    js-tokens "^3.0.0 || ^4.0.0"

math-intrinsics@^1.1.0:
  version "1.1.0"
  resolved "https://packages.atlassian.com/api/npm/npm-remote/math-intrinsics/-/math-intrinsics-1.1.0.tgz#a0dd74be81e2aa5c2f27e65ce283605ee4e2b7f9"
  integrity sha512-/IXtbwEk5HTPyEwyKX6hGkYXxM9nbj64B+ilVJnC/R6B0pH5G4V3b0pVbL7DBj4tkhBAppbQUlf6F6Xl9LHu1g==

micromatch@^4.0.5:
  version "4.0.8"
  resolved "https://packages.atlassian.com/api/npm/npm-remote/micromatch/-/micromatch-4.0.8.tgz#d66fa18f3a47076789320b9b1af32bd86d9fa202"
  integrity sha512-PXwfBhYu0hBCPw8Dn0E+WDYb7af3dSLVWKi3HGv84IdF4TyFoC0ysxFd0Goxw7nSv4T/PzEJQxsYsEiFCKo2BA==
  dependencies:
    braces "^3.0.3"
    picomatch "^2.3.1"

mime-db@1.52.0:
  version "1.52.0"
  resolved "https://packages.atlassian.com/api/npm/npm-remote/mime-db/-/mime-db-1.52.0.tgz#bbabcdc02859f4987301c856e3387ce5ec43bf70"
  integrity sha512-sPU4uV7dYlvtWJxwwxHD0PuihVNiE7TyAbQ5SWxDCB9mUYvOgroQOwYQQOKPJ8CIbE+1ETVlOoK1UC2nU3gYvg==

mime-types@^2.1.12:
  version "2.1.35"
  resolved "https://packages.atlassian.com/api/npm/npm-remote/mime-types/-/mime-types-2.1.35.tgz#381a871b62a734450660ae3deee44813f70d959a"
  integrity sha512-ZDY+bPm5zTTF+YpCrAU9nK0UgICYPT0QtT1NZWFv4s++TNkcgVaT0g6+4R2uI4MjQjzysHB1zxuWL50hzaeXiw==
  dependencies:
    mime-db "1.52.0"

msgpackr-extract@^3.0.2:
  version "3.0.3"
  resolved "https://packages.atlassian.com/api/npm/npm-remote/msgpackr-extract/-/msgpackr-extract-3.0.3.tgz#e9d87023de39ce714872f9e9504e3c1996d61012"
  integrity sha512-P0efT1C9jIdVRefqjzOQ9Xml57zpOXnIuS+csaB4MdZbTdmGDLo8XhzBG1N7aO11gKDDkJvBLULeFTo46wwreA==
  dependencies:
    node-gyp-build-optional-packages "5.2.2"
  optionalDependencies:
    "@msgpackr-extract/msgpackr-extract-darwin-arm64" "3.0.3"
    "@msgpackr-extract/msgpackr-extract-darwin-x64" "3.0.3"
    "@msgpackr-extract/msgpackr-extract-linux-arm" "3.0.3"
    "@msgpackr-extract/msgpackr-extract-linux-arm64" "3.0.3"
    "@msgpackr-extract/msgpackr-extract-linux-x64" "3.0.3"
    "@msgpackr-extract/msgpackr-extract-win32-x64" "3.0.3"

msgpackr@^1.9.9:
  version "1.11.4"
  resolved "https://packages.atlassian.com/api/npm/npm-remote/msgpackr/-/msgpackr-1.11.4.tgz#14703caead8ee0c2e7c89417de5a3ec94adf5d3e"
  integrity sha512-uaff7RG9VIC4jacFW9xzL3jc0iM32DNHe4jYVycBcjUePT/Klnfj7pqtWJt9khvDFizmjN2TlYniYmSS2LIaZg==
  optionalDependencies:
    msgpackr-extract "^3.0.2"

node-addon-api@^7.0.0:
  version "7.1.1"
  resolved "https://packages.atlassian.com/api/npm/npm-remote/node-addon-api/-/node-addon-api-7.1.1.tgz#1aba6693b0f255258a049d621329329322aad558"
  integrity sha512-5m3bsyrjFWE1xf7nz7YXdN4udnVtXK6/Yfgn5qnahL6bCkf2yKt4k3nuTKAtT4r3IG8JNR2ncsIMdZuAzJjHQQ==

node-gyp-build-optional-packages@5.2.2:
  version "5.2.2"
  resolved "https://packages.atlassian.com/api/npm/npm-remote/node-gyp-build-optional-packages/-/node-gyp-build-optional-packages-5.2.2.tgz#522f50c2d53134d7f3a76cd7255de4ab6c96a3a4"
  integrity sha512-s+w+rBWnpTMwSFbaE0UXsRlg7hU4FjekKU4eyAih5T8nJuNZT1nNsskXpxmeqSK9UzkBl6UgRlnKc8hz8IEqOw==
  dependencies:
    detect-libc "^2.0.1"

node-releases@^2.0.19:
  version "2.0.19"
  resolved "https://packages.atlassian.com/api/npm/npm-remote/node-releases/-/node-releases-2.0.19.tgz#9e445a52950951ec4d177d843af370b411caf314"
  integrity sha512-xxOWJsBKtzAq7DY0J+DTzuz58K8e7sJbdgwkbMWQe8UYB6ekmsQ45q0M/tJDsGaZmbC+l7n57UV8Hl5tHxO9uw==

nullthrows@^1.1.1:
  version "1.1.1"
  resolved "https://packages.atlassian.com/api/npm/npm-remote/nullthrows/-/nullthrows-1.1.1.tgz#7818258843856ae971eae4208ad7d7eb19a431b1"
  integrity sha512-2vPPEi+Z7WqML2jZYddDIfy5Dqb0r2fze2zTxNNknZaFpVHU3mFB3R+DWeJWGVx0ecvttSGlJTI+WG+8Z4cDWw==

picocolors@^1.1.1:
  version "1.1.1"
  resolved "https://packages.atlassian.com/api/npm/npm-remote/picocolors/-/picocolors-1.1.1.tgz#3d321af3eab939b083c8f929a1d12cda81c26b6b"
  integrity sha512-xceH2snhtb5M9liqDsmEw56le376mTZkEX/jEb/RxNFyegNul7eNslCXP9FDj/Lcu0X8KEyMceP2ntpaHrDEVA==

picomatch@^2.3.1:
  version "2.3.1"
  resolved "https://packages.atlassian.com/api/npm/npm-remote/picomatch/-/picomatch-2.3.1.tgz#3ba3833733646d9d3e4995946c1365a67fb07a42"
  integrity sha512-JU3teHTNjmE2VCGFzuY8EXzCDVwEqB2a8fsIvwaStHhAWJEeVd1o1QD80CU6+ZdEXXSLbSsuLwJjkCBWqRQUVA==

proxy-from-env@^1.1.0:
  version "1.1.0"
  resolved "https://packages.atlassian.com/api/npm/npm-remote/proxy-from-env/-/proxy-from-env-1.1.0.tgz#e102f16ca355424865755d2c9e8ea4f24d58c3e2"
  integrity sha512-D+zkORCbA9f1tdWRK0RaCR3GPv50cMxcrz4X8k5LTSUD1Dkw47mKJEZQNunItRTkWwgtaUSo1RVFRIG9ZXiFYg==

react-dom@^18.2.0:
  version "18.3.1"
  resolved "https://packages.atlassian.com/api/npm/npm-remote/react-dom/-/react-dom-18.3.1.tgz#c2265d79511b57d479b3dd3fdfa51536494c5cb4"
  integrity sha512-5m4nQKp+rZRb09LNH59GM4BxTh9251/ylbKIbpe7TpGxfJ+9kv6BLkLBXIjjspbgbnIBNqlI23tRnTWT0snUIw==
  dependencies:
    loose-envify "^1.1.0"
    scheduler "^0.23.2"

react-router@^7.6.0:
  version "7.6.0"
  resolved "https://packages.atlassian.com/api/npm/npm-remote/react-router/-/react-router-7.6.0.tgz#e2d0872d7bea8df79465a8bba9a20c87c32ce995"
  integrity sha512-GGufuHIVCJDbnIAXP3P9Sxzq3UUsddG3rrI3ut1q6m0FI6vxVBF3JoPQ38+W/blslLH4a5Yutp8drkEpXoddGQ==
  dependencies:
    cookie "^1.0.1"
    set-cookie-parser "^2.6.0"

react@^18.2.0:
  version "18.3.1"
  resolved "https://packages.atlassian.com/api/npm/npm-remote/react/-/react-18.3.1.tgz#49ab892009c53933625bd16b2533fc754cab2891"
  integrity sha512-wS+hAgJShR0KhEvPJArfuPVN1+Hz1t0Y6n5jLrGQbkb4urgPE/0Rve+1kMB1v/oWgHgm4WIcV+i7F2pTVj+2iQ==
  dependencies:
    loose-envify "^1.1.0"

safe-buffer@^5.0.1:
  version "5.2.1"
  resolved "https://packages.atlassian.com/api/npm/npm-remote/safe-buffer/-/safe-buffer-5.2.1.tgz#1eaf9fa9bdb1fdd4ec75f58f9cdb4e6b7827eec6"
  integrity sha512-rp3So07KcdmmKbGvgaNxQSJr7bGVSVk5S9Eq1F+ppbRo70+YeaDxkw5Dd8NPN+GD6bjnYm2VuPuCXmpuYvmCXQ==

scheduler@^0.23.2:
  version "0.23.2"
  resolved "https://packages.atlassian.com/api/npm/npm-remote/scheduler/-/scheduler-0.23.2.tgz#414ba64a3b282892e944cf2108ecc078d115cdc3"
  integrity sha512-UOShsPwz7NrMUqhR6t0hWjFduvOzbtv7toDH1/hIrfRNIDBnnBWd0CwJTGvTpngVlmwGCdP9/Zl/tVrDqcuYzQ==
  dependencies:
    loose-envify "^1.1.0"

semver@^7.5.2:
  version "7.7.2"
  resolved "https://packages.atlassian.com/api/npm/npm-remote/semver/-/semver-7.7.2.tgz#67d99fdcd35cec21e6f8b87a7fd515a33f982b58"
  integrity sha512-RF0Fw+rO5AMf9MAyaRXI4AV0Ulj5lMHqVxxdSgiVbixSCXoEmmX/jk0CuJw4+3SqroYO9VoUh+HcuJivvtJemA==

set-cookie-parser@^2.6.0:
  version "2.7.1"
  resolved "https://packages.atlassian.com/api/npm/npm-remote/set-cookie-parser/-/set-cookie-parser-2.7.1.tgz#3016f150072202dfbe90fadee053573cc89d2943"
  integrity sha512-IOc8uWeOZgnb3ptbCURJWNjWUPcO3ZnTTdzsurqERrP6nPyv+paC55vJM0LpOlT2ne+Ix+9+CRG1MNLlyZ4GjQ==

sigma@^3.0.1:
  version "3.0.1"
  resolved "https://packages.atlassian.com/api/npm/npm-remote/sigma/-/sigma-3.0.1.tgz#9534be7d94ccbcdcae220a1ec3ee5a656ffa9e8a"
  integrity sha512-z67BX1FhIpD+wLs2WJ7QS2aR49TcSr3YaVZ2zU8cAc5jMiUYlSbeDp4EI6euBDUpm3/lzO4pfytP/gW4BhXWuA==
  dependencies:
    events "^3.3.0"
    graphology-utils "^2.5.2"

supports-color@^7.1.0:
  version "7.2.0"
  resolved "https://packages.atlassian.com/api/npm/npm-remote/supports-color/-/supports-color-7.2.0.tgz#1b7dcdcb32b8138801b3e478ba6a51caa89648da"
  integrity sha512-qpCAvRl9stuOHveKsn7HncJRvv501qIacKzQlO/+Lwxc9+0q2wLyv4Dfvt80/DPn2pqOBsJdDiogXGR9+OvwRw==
  dependencies:
    has-flag "^4.0.0"

to-regex-range@^5.0.1:
  version "5.0.1"
  resolved "https://packages.atlassian.com/api/npm/npm-remote/to-regex-range/-/to-regex-range-5.0.1.tgz#1648c44aae7c8d988a326018ed72f5b4dd0392e4"
  integrity sha512-65P7iz6X5yEr1cwcgvQxbbIw7Uk3gOy5dIdtZ4rDveLqhrdJP+Li/Hx6tyK0NEb+2GCyneCMJiGqrADCSNk8sQ==
  dependencies:
    is-number "^7.0.0"

update-browserslist-db@^1.1.3:
  version "1.1.3"
  resolved "https://packages.atlassian.com/api/npm/npm-remote/update-browserslist-db/-/update-browserslist-db-1.1.3.tgz#348377dd245216f9e7060ff50b15a1b740b75420"
  integrity sha512-UxhIZQ+QInVdunkDAaiazvvT/+fXL5Osr0JZlJulepYu6Jd7qJtDZjlur0emRlT71EN3ScPoE7gvsuIKKNavKw==
  dependencies:
    escalade "^3.2.0"
    picocolors "^1.1.1"

utility-types@^3.10.0:
  version "3.11.0"
  resolved "https://packages.atlassian.com/api/npm/npm-remote/utility-types/-/utility-types-3.11.0.tgz#607c40edb4f258915e901ea7995607fdf319424c"
  integrity sha512-6Z7Ma2aVEWisaL6TvBCy7P8rm2LQoPv6dJ7ecIaIixHcwfbJ0x7mWdbcwlIM5IGQxPZSFYeqRCqlOOeKoJYMkw==
